
Microsoft Visual Studio Solution File, Format Version 12.00
# Visual Studio Version 16
VisualStudioVersion = 16.0.31702.278
MinimumVisualStudioVersion = 10.0.40219.1
Project("{FAE04EC0-301F-11D3-BF4B-00C04F79EFBC}") = "Electronics_Store_Program", "Electronics_Store_Program.csproj", "{FD716F34-1448-453A-992F-F932CF8D235D}"
EndProject
Global
	GlobalSection(SolutionConfigurationPlatforms) = preSolution
		Debug|Any CPU = Debug|Any CPU
		Release|Any CPU = Release|Any CPU
	EndGlobalSection
	GlobalSection(ProjectConfigurationPlatforms) = postSolution
		{FD716F34-1448-453A-992F-F932CF8D235D}.Debug|Any CPU.ActiveCfg = Debug|Any CPU
		{FD716F34-1448-453A-992F-F932CF8D235D}.Debug|Any CPU.Build.0 = Debug|Any CPU
		{FD716F34-1448-453A-992F-F932CF8D235D}.Release|Any CPU.ActiveCfg = Release|Any CPU
		{FD716F34-1448-453A-992F-F932CF8D235D}.Release|Any CPU.Build.0 = Release|Any CPU
	EndGlobalSection
	GlobalSection(SolutionProperties) = preSolution
		HideSolutionNode = FALSE
	EndGlobalSection
	GlobalSection(ExtensibilityGlobals) = postSolution
		SolutionGuid = {151DD755-BE73-4381-89E8-AF10917FCB67}
	EndGlobalSection
EndGlobal
